
Microsoft Visual Studio Solution File, Format Version 12.00
# Visual Studio 15
VisualStudioVersion = 15.0.28307.489
MinimumVisualStudioVersion = 10.0.40219.1
Project("{FAE04EC0-301F-11D3-BF4B-00C04F79EFBC}") = "PheroMonads", "PheroMonads\PheroMonads.csproj", "{13D9F161-06D1-45F6-A09B-EA79CAA5178C}"
EndProject
Global
	GlobalSection(SolutionConfigurationPlatforms) = preSolution
		Debug|Any CPU = Debug|Any CPU
		Release|Any CPU = Release|Any CPU
	EndGlobalSection
	GlobalSection(ProjectConfigurationPlatforms) = postSolution
		{13D9F161-06D1-45F6-A09B-EA79CAA5178C}.Debug|Any CPU.ActiveCfg = Debug|Any CPU
		{13D9F161-06D1-45F6-A09B-EA79CAA5178C}.Debug|Any CPU.Build.0 = Debug|Any CPU
		{13D9F161-06D1-45F6-A09B-EA79CAA5178C}.Release|Any CPU.ActiveCfg = Release|Any CPU
		{13D9F161-06D1-45F6-A09B-EA79CAA5178C}.Release|Any CPU.Build.0 = Release|Any CPU
	EndGlobalSection
	GlobalSection(SolutionProperties) = preSolution
		HideSolutionNode = FALSE
	EndGlobalSection
	GlobalSection(ExtensibilityGlobals) = postSolution
		SolutionGuid = {598D6379-1358-4970-AE59-E6B5B1E9E732}
	EndGlobalSection
EndGlobal
